
Microsoft Visual Studio Solution File, Format Version 12.00
# Visual Studio 15
Project("{FAE04EC0-301F-11D3-BF4B-00C04F79EFBC}") = "Shoot'm up", "Assembly-CSharp.csproj", "{5A4D8D13-8916-1D92-63FE-427164B6F96F}"
EndProject
Global
	GlobalSection(SolutionConfigurationPlatforms) = preSolution
		Debug|Any CPU = Debug|Any CPU
		Release|Any CPU = Release|Any CPU
	EndGlobalSection
	GlobalSection(ProjectConfigurationPlatforms) = postSolution
		{5A4D8D13-8916-1D92-63FE-427164B6F96F}.Debug|Any CPU.ActiveCfg = Debug|Any CPU
		{5A4D8D13-8916-1D92-63FE-427164B6F96F}.Debug|Any CPU.Build.0 = Debug|Any CPU
		{5A4D8D13-8916-1D92-63FE-427164B6F96F}.Release|Any CPU.ActiveCfg = Release|Any CPU
		{5A4D8D13-8916-1D92-63FE-427164B6F96F}.Release|Any CPU.Build.0 = Release|Any CPU
	EndGlobalSection
	GlobalSection(SolutionProperties) = preSolution
		HideSolutionNode = FALSE
	EndGlobalSection
EndGlobal
